
Microsoft Visual Studio Solution File, Format Version 12.00
# Visual Studio Version 17
VisualStudioVersion = 17.11.35222.181
MinimumVisualStudioVersion = 10.0.40219.1
Project("{9A19103F-16F7-4668-BE54-9A1E7A4F7556}") = "Shopping Mart Application", "Shopping Mart Application.csproj", "{D868AC69-DC84-4A0D-87AE-9F9A3EF3AB78}"
EndProject
Global
	GlobalSection(SolutionConfigurationPlatforms) = preSolution
		Debug|Any CPU = Debug|Any CPU
		Release|Any CPU = Release|Any CPU
	EndGlobalSection
	GlobalSection(ProjectConfigurationPlatforms) = postSolution
		{D868AC69-DC84-4A0D-87AE-9F9A3EF3AB78}.Debug|Any CPU.ActiveCfg = Debug|Any CPU
		{D868AC69-DC84-4A0D-87AE-9F9A3EF3AB78}.Debug|Any CPU.Build.0 = Debug|Any CPU
		{D868AC69-DC84-4A0D-87AE-9F9A3EF3AB78}.Release|Any CPU.ActiveCfg = Release|Any CPU
		{D868AC69-DC84-4A0D-87AE-9F9A3EF3AB78}.Release|Any CPU.Build.0 = Release|Any CPU
	EndGlobalSection
	GlobalSection(SolutionProperties) = preSolution
		HideSolutionNode = FALSE
	EndGlobalSection
	GlobalSection(ExtensibilityGlobals) = postSolution
		SolutionGuid = {806F8D53-DD49-482A-AA1D-5783F47FB475}
	EndGlobalSection
EndGlobal
